lockfileVersion: 5.4

specifiers:
  cz-customizable: ^7.0.0
  husky: ^8.0.3
  lint-staged: ^13.2.0
  markdownlint-cli: ^0.33.0
  prettier: ^2.8.7

devDependencies:
  cz-customizable: 7.2.1
  husky: 8.0.3
  lint-staged: 13.3.0
  markdownlint-cli: 0.33.0
  prettier: 2.8.8

packages:

  /ansi-regex/3.0.1:
    resolution: {integrity: sha512-+O9Jct8wf++lXxxFc4hc8LsjaSq0HFzzL7cVsw8pRDIPdjKD2mT4ytDZlLuSBZ4cLKZFXIrMGO7DbQCtMJJMKw==}
    engines: {node: '>=4'}
    dev: true

  /ansi-regex/4.1.1:
    resolution: {integrity: sha512-ILlv4k/3f6vfQ4OoP2AGvirOktlQ98ZEL1k9FaQjxa3L1abBgbuTDAdPOpvbGncC0BTVQrl+OM8xZGK6tWXt7g==}
    engines: {node: '>=6'}
    dev: true

  /ansi-regex/6.1.0:
    resolution: {integrity: sha512-7HSX4QQb4CspciLpVFwyRe79O3xsIZDDLER21kERQ71oaPodF8jL725AgJMFAYbooIqolJoRLuM81SpeUkpkvA==}
    engines: {node: '>=12'}
    dev: true

  /ansi-styles/6.2.1:
    resolution: {integrity: sha512-bN798gFfQX+viw3R7yrGWRqnrN2oRkEkUjjl4JNn4E8GxxbjtG3FbrEIIY3l8/hrwUwIeCZvi4QuOTP4MErVug==}
    engines: {node: '>=12'}
    dev: true

  /braces/3.0.3:
    resolution: {integrity: sha512-yQbXgO/OSZVD2IsiLlro+7Hf6Q18EJrKSEsdoMzKePKXct3gvD8oLcOQdIzGupr5Fj+EDe8gO/lxc1BzfMpxvA==}
    engines: {node: '>=8'}
    dependencies:
      fill-range: 7.1.1
    dev: true

  /chalk/5.3.0:
    resolution: {integrity: sha512-dLitG79d+GV1Nb/VYcCDFivJeK1hiukt9QjRNVOsUtTy1rR1YJsmpGGTZ3qJos+uw7WmWF4wUwBd9jxjocFC2w==}
    engines: {node: ^12.17.0 || ^14.13 || >=16.0.0}
    dev: true

  /colorette/2.0.20:
    resolution: {integrity: sha512-IfEDxwoWIjkeXL1eXcDiow4UbKjhLdq6/EuSVR9GMN7KVH3r9gQ83e73hsz1Nd1T3ijd5xv1wcWRYO+D6kCI2w==}
    dev: true

  /commander/11.0.0:
    resolution: {integrity: sha512-9HMlXtt/BNoYr8ooyjjNRdIilOTkVJXB+GhxMTtOKwk0R4j4lS4NpjuqmRxroBfnfTSHQIHQB7wryHhXarNjmQ==}
    engines: {node: '>=16'}
    dev: true

  /commander/9.4.1:
    resolution: {integrity: sha512-5EEkTNyHNGFPD2H+c/dXXfQZYa/scCKasxWcXJaWnNJ99pnQN9Vnmqow+p+PlFPE63Q6mThaZws1T+HxfpgtPw==}
    engines: {node: ^12.20.0 || >=14}
    dev: true

  /cz-customizable/7.2.1:
    resolution: {integrity: sha512-Wa3cgG4+IC9zqezwozLbVBIiJ7Cjg1J2hPxvXcp1F3SFjzQzbdiGhOtI1thVfRBnBCX3kvCW63iaP9v+4yYa8w==}
    hasBin: true
    dependencies:
      editor: r2.cnpmjs.org/editor/1.0.0
      find-config: r2.cnpmjs.org/find-config/1.0.0
      inquirer: r2.cnpmjs.org/inquirer/6.5.2
      lodash: r2.cnpmjs.org/lodash/4.17.21
      temp: r2.cnpmjs.org/temp/0.9.4
      word-wrap: 1.2.5
    dev: true

  /debug/4.3.4:
    resolution: {integrity: sha512-PRWFHuSU3eDtQJPvnNY7Jcket1j0t5OuOsFzPPzsekD52Zl8qUfFIPEiswXqIvHWGVHOgX+7G/vCNNhehwxfkQ==}
    engines: {node: '>=6.0'}
    peerDependencies:
      supports-color: '*'
    peerDependenciesMeta:
      supports-color:
        optional: true
    dependencies:
      ms: r2.cnpmjs.org/ms/2.1.2
    dev: true

  /eventemitter3/5.0.1:
    resolution: {integrity: sha512-GWkBvjiSZK87ELrYOSESUYeVIc9mvLLf/nXalMOS5dYrgZq9o5OVkbZAVM06CVxYsCwH9BDZFPlQTlPA1j4ahA==}
    dev: true

  /execa/7.2.0:
    resolution: {integrity: sha512-UduyVP7TLB5IcAQl+OzLyLcS/l32W/GLg+AhHJ+ow40FOk2U3SAllPwR44v4vmdFwIWqpdwxxpQbF1n5ta9seA==}
    engines: {node: ^14.18.0 || ^16.14.0 || >=18.0.0}
    dependencies:
      cross-spawn: r2.cnpmjs.org/cross-spawn/7.0.3
      get-stream: r2.cnpmjs.org/get-stream/6.0.1
      human-signals: 4.3.1
      is-stream: r2.cnpmjs.org/is-stream/3.0.0
      merge-stream: r2.cnpmjs.org/merge-stream/2.0.0
      npm-run-path: 5.3.0
      onetime: r2.cnpmjs.org/onetime/6.0.0
      signal-exit: 3.0.7
      strip-final-newline: r2.cnpmjs.org/strip-final-newline/3.0.0
    dev: true

  /fill-range/7.1.1:
    resolution: {integrity: sha512-YsGpe3WHLK8ZYi4tWDg2Jy3ebRz2rXowDxnld4bkQB00cc/1Zw9AWnC0i9ztDJitivtQvaI9KaLyKrc+hBW0yg==}
    engines: {node: '>=8'}
    dependencies:
      to-regex-range: r2.cnpmjs.org/to-regex-range/5.0.1
    dev: true

  /glob/7.2.3:
    resolution: {integrity: sha512-nFR0zLpU2YCaRxwoCJvL6UvCH2JFyFVIvwTLsIf21AuHlMskA1hhTdk+LlYJtOlYt9v6dvszD2BGRqBL+iQK9Q==}
    deprecated: Glob versions prior to v9 are no longer supported
    dependencies:
      fs.realpath: r2.cnpmjs.org/fs.realpath/1.0.0
      inflight: r2.cnpmjs.org/inflight/1.0.6
      inherits: r2.cnpmjs.org/inherits/2.0.4
      minimatch: 3.1.2
      once: r2.cnpmjs.org/once/1.4.0
      path-is-absolute: r2.cnpmjs.org/path-is-absolute/1.0.1
    dev: true

  /glob/8.0.3:
    resolution: {integrity: sha512-ull455NHSHI/Y1FqGaaYFaLGkNMMJbavMrEGFXG/PGrg6y7sutWHUHrz6gy6WEBH6akM1M414dWKCNs+IhKdiQ==}
    engines: {node: '>=12'}
    deprecated: Glob versions prior to v9 are no longer supported
    dependencies:
      fs.realpath: r2.cnpmjs.org/fs.realpath/1.0.0
      inflight: r2.cnpmjs.org/inflight/1.0.6
      inherits: r2.cnpmjs.org/inherits/2.0.4
      minimatch: 5.1.6
      once: r2.cnpmjs.org/once/1.4.0
    dev: true

  /human-signals/4.3.1:
    resolution: {integrity: sha512-nZXjEF2nbo7lIw3mgYjItAfgQXog3OjJogSbKa2CQIIvSGWcKgeJnQlNXip6NglNzYH45nSRiEVimMvYL8DDqQ==}
    engines: {node: '>=14.18.0'}
    dev: true

  /husky/8.0.3:
    resolution: {integrity: sha512-+dQSyqPh4x1hlO1swXBiNb2HzTDN1I2IGLQx1GrBuiqFJfoMrnZWwVmatvSiO+Iz8fBUnf+lekwNo4c2LlXItg==}
    engines: {node: '>=14'}
    hasBin: true
    dev: true

  /ignore/5.2.4:
    resolution: {integrity: sha512-MAb38BcSbH0eHNBxn7ql2NH/kX33OkB3lZ1BNdh7ENeRChHTYsTvWrMubiIAMNS2llXEEgZ1MUOBtXChP3kaFQ==}
    engines: {node: '>= 4'}
    dev: true

  /ini/3.0.1:
    resolution: {integrity: sha512-it4HyVAUTKBc6m8e1iXWvXSTdndF7HbdN713+kvLrymxTaU4AUBWrJ4vEooP+V7fexnVD3LKcBshjGGPefSMUQ==}
    engines: {node: ^12.13.0 || ^14.15.0 || >=16.0.0}
    dev: true

  /jsonc-parser/3.2.1:
    resolution: {integrity: sha512-AilxAyFOAcK5wA1+LeaySVBrHsGQvUFCDWXKpZjzaL0PqW+xfBOttn8GNtWKFWqneyMZj41MWF9Kl6iPWLwgOA==}
    dev: true

  /lilconfig/2.1.0:
    resolution: {integrity: sha512-utWOt/GHzuUxnLKxB6dk81RoOeoNeHgbrXiuGk4yyF5qlRz+iIVWu56E2fqGHFrXz0QNUhLB/8nKqvRH66JKGQ==}
    engines: {node: '>=10'}
    dev: true

  /linkify-it/4.0.1:
    resolution: {integrity: sha512-C7bfi1UZmoj8+PQx22XyeXCuBlokoyWQL5pWSP+EI6nzRylyThouddufc2c1NDIcP9k5agmN9fLpA7VNJfIiqw==}
    dependencies:
      uc.micro: r2.cnpmjs.org/uc.micro/1.0.6
    dev: true

  /lint-staged/13.3.0:
    resolution: {integrity: sha512-mPRtrYnipYYv1FEE134ufbWpeggNTo+O/UPzngoaKzbzHAthvR55am+8GfHTnqNRQVRRrYQLGW9ZyUoD7DsBHQ==}
    engines: {node: ^16.14.0 || >=18.0.0}
    hasBin: true
    dependencies:
      chalk: 5.3.0
      commander: 11.0.0
      debug: 4.3.4
      execa: 7.2.0
      lilconfig: 2.1.0
      listr2: 6.6.1
      micromatch: 4.0.5
      pidtree: 0.6.0
      string-argv: 0.3.2
      yaml: 2.3.1
    transitivePeerDependencies:
      - enquirer
      - supports-color
    dev: true

  /listr2/6.6.1:
    resolution: {integrity: sha512-+rAXGHh0fkEWdXBmX+L6mmfmXmXvDGEKzkjxO+8mP3+nI/r/CWznVBvsibXdxda9Zz0OW2e2ikphN3OwCT/jSg==}
    engines: {node: '>=16.0.0'}
    peerDependencies:
      enquirer: '>= 2.3.0 < 3'
    peerDependenciesMeta:
      enquirer:
        optional: true
    dependencies:
      cli-truncate: r2.cnpmjs.org/cli-truncate/3.1.0
      colorette: 2.0.20
      eventemitter3: 5.0.1
      log-update: 5.0.1
      rfdc: 1.4.1
      wrap-ansi: 8.1.0
    dev: true

  /log-update/5.0.1:
    resolution: {integrity: sha512-5UtUDQ/6edw4ofyljDNcOVJQ4c7OjDro4h3y8e1GQL5iYElYclVHJ3zeWchylvMaKnDbDilC8irOVyexnA/Slw==}
    engines: {node: ^12.20.0 || ^14.13.1 || >=16.0.0}
    dependencies:
      ansi-escapes: r2.cnpmjs.org/ansi-escapes/5.0.0
      cli-cursor: r2.cnpmjs.org/cli-cursor/4.0.0
      slice-ansi: r2.cnpmjs.org/slice-ansi/5.0.0
      strip-ansi: 7.1.0
      wrap-ansi: 8.1.0
    dev: true

  /markdown-it/13.0.1:
    resolution: {integrity: sha512-lTlxriVoy2criHP0JKRhO2VDG9c2ypWCsT237eDiLqi09rmbKoUetyGHq2uOIRoRS//kfoJckS0eUzzkDR+k2Q==}
    hasBin: true
    dependencies:
      argparse: r2.cnpmjs.org/argparse/2.0.1
      entities: r2.cnpmjs.org/entities/3.0.1
      linkify-it: 4.0.1
      mdurl: r2.cnpmjs.org/mdurl/1.0.1
      uc.micro: r2.cnpmjs.org/uc.micro/1.0.6
    dev: true

  /markdownlint-cli/0.33.0:
    resolution: {integrity: sha512-zMK1oHpjYkhjO+94+ngARiBBrRDEUMzooDHBAHtmEIJ9oYddd9l3chCReY2mPlecwH7gflQp1ApilTo+o0zopQ==}
    engines: {node: '>=14'}
    hasBin: true
    dependencies:
      commander: 9.4.1
      get-stdin: r2.cnpmjs.org/get-stdin/9.0.0
      glob: 8.0.3
      ignore: 5.2.4
      js-yaml: r2.cnpmjs.org/js-yaml/4.1.0
      jsonc-parser: 3.2.1
      markdownlint: 0.27.0
      minimatch: 5.1.6
      run-con: 1.2.12
    dev: true

  /markdownlint/0.27.0:
    resolution: {integrity: sha512-HtfVr/hzJJmE0C198F99JLaeada+646B5SaG2pVoEakLFI6iRGsvMqrnnrflq8hm1zQgwskEgqSnhDW11JBp0w==}
    engines: {node: '>=14.18.0'}
    dependencies:
      markdown-it: 13.0.1
    dev: true

  /micromatch/4.0.5:
    resolution: {integrity: sha512-DMy+ERcEW2q8Z2Po+WNXuw3c5YaUSFjAO5GsJqfEl7UjvtIuFKO6ZrKvcItdy98dwFI2N1tg3zNIdKaQT+aNdA==}
    engines: {node: '>=8.6'}
    dependencies:
      braces: 3.0.3
      picomatch: 2.3.1
    dev: true

  /minimatch/3.1.2:
    resolution: {integrity: sha512-J7p63hRiAjw1NDEww1W7i37+ByIrOWO5XQQAzZ3VOcL0PNybwpfmV/N05zFAzwQ9USyEcX6t3UO+K5aqBQOIHw==}
    dependencies:
      brace-expansion: r2.cnpmjs.org/brace-expansion/1.1.11
    dev: true

  /minimatch/5.1.6:
    resolution: {integrity: sha512-lKwV/1brpG6mBUFHtb7NUmtABCb2WZZmm2wNiOA5hAb8VdCS4B3dtMWyvcoViccwAW/COERjXLt0zP1zXUN26g==}
    engines: {node: '>=10'}
    dependencies:
      brace-expansion: r2.cnpmjs.org/brace-expansion/2.0.1
    dev: true

  /minimist/1.2.8:
    resolution: {integrity: sha512-2yyAR8qBkN3YuheJanUpWC5U3bb5osDywNB8RzDVlDwDHbocAJveqqj1u8+SVD7jkWT4yvsHCpWqqWqAxb0zCA==}
    dev: true

  /mkdirp/0.5.6:
    resolution: {integrity: sha512-FP+p8RB8OWpF3YZBCrP5gtADmtXApB5AMLn+vdyA+PyxCjrCs00mjyUozssO33cwDeT3wNGdLxJ5M//YqtHAJw==}
    hasBin: true
    dependencies:
      minimist: 1.2.8
    dev: true

  /npm-run-path/5.3.0:
    resolution: {integrity: sha512-ppwTtiJZq0O/ai0z7yfudtBpWIoxM8yE6nHi1X47eFR2EWORqfbu6CnPlNsjeN683eT0qG6H/Pyf9fCcvjnnnQ==}
    engines: {node: ^12.20.0 || ^14.13.1 || >=16.0.0}
    dependencies:
      path-key: r2.cnpmjs.org/path-key/4.0.0
    dev: true

  /picomatch/2.3.1:
    resolution: {integrity: sha512-JU3teHTNjmE2VCGFzuY8EXzCDVwEqB2a8fsIvwaStHhAWJEeVd1o1QD80CU6+ZdEXXSLbSsuLwJjkCBWqRQUVA==}
    engines: {node: '>=8.6'}
    dev: true

  /pidtree/0.6.0:
    resolution: {integrity: sha512-eG2dWTVw5bzqGRztnHExczNxt5VGsE6OwTeCG3fdUf9KBsZzO3R5OIIIzWR+iZA0NtZ+RDVdaoE2dK1cn6jH4g==}
    engines: {node: '>=0.10'}
    hasBin: true
    dev: true

  /prettier/2.8.8:
    resolution: {integrity: sha512-tdN8qQGvNjw4CHbY+XXk0JgCXn9QiF21a55rBe5LJAU+kDyC4WQn4+awm2Xfk2lQMk5fKup9XgzTZtGkjBdP9Q==}
    engines: {node: '>=10.13.0'}
    hasBin: true
    dev: true

  /rfdc/1.4.1:
    resolution: {integrity: sha512-q1b3N5QkRUWUl7iyylaaj3kOpIT0N2i9MqIEQXP73GVsN9cw3fdx8X63cEmWhJGi2PPCF23Ijp7ktmd39rawIA==}
    dev: true

  /run-con/1.2.12:
    resolution: {integrity: sha512-5257ILMYIF4RztL9uoZ7V9Q97zHtNHn5bN3NobeAnzB1P3ASLgg8qocM2u+R18ttp+VEM78N2LK8XcNVtnSRrg==}
    hasBin: true
    dependencies:
      deep-extend: r2.cnpmjs.org/deep-extend/0.6.0
      ini: 3.0.1
      minimist: 1.2.8
      strip-json-comments: r2.cnpmjs.org/strip-json-comments/3.1.1
    dev: true

  /signal-exit/3.0.7:
    resolution: {integrity: sha512-wnD2ZE+l+SPC/uoS0vXeE9L1+0wuaMqKlfz9AMUo38JsyLSBWSFcHR1Rri62LZc12vLr1gb3jl7iwQhgwpAbGQ==}
    dev: true

  /string-argv/0.3.2:
    resolution: {integrity: sha512-aqD2Q0144Z+/RqG52NeHEkZauTAUWJO8c6yTftGJKO3Tja5tUgIfmIl6kExvhtxSDP7fXB6DvzkfMpCd/F3G+Q==}
    engines: {node: '>=0.6.19'}
    dev: true

  /string-width/5.1.2:
    resolution: {integrity: sha512-HnLOCR3vjcY8beoNLtcjZ5/nxn2afmME6lhrDrebokqMap+XbeW8n9TXpPDOqdGK5qcI3oT0GKTW6wC7EMiVqA==}
    engines: {node: '>=12'}
    dependencies:
      eastasianwidth: r2.cnpmjs.org/eastasianwidth/0.2.0
      emoji-regex: r2.cnpmjs.org/emoji-regex/9.2.2
      strip-ansi: 7.1.0
    dev: true

  /strip-ansi/7.1.0:
    resolution: {integrity: sha512-iq6eVVI64nQQTRYq2KtEg2d2uU7LElhTJwsH4YzIHZshxlgZms/wIc4VoDQTlG/IvVIrBKG06CrZnp0qv7hkcQ==}
    engines: {node: '>=12'}
    dependencies:
      ansi-regex: 6.1.0
    dev: true

  /tslib/1.14.1:
    resolution: {integrity: sha512-Xni35NKzjgMrwevysHTCArtLDpPvye8zV/0E4EyYn43P7/7qvQwPh9BGkHewbMulVntbigmcT7rdX3BNo9wRJg==}
    dev: true

  /word-wrap/1.2.5:
    resolution: {integrity: sha512-BN22B5eaMMI9UMtjrGd5g5eCYPpCPDUy0FJXbYsaT5zYxjFOckS53SQDE3pWkVoWpHXVb3BrYcEN4Twa55B5cA==}
    engines: {node: '>=0.10.0'}
    dev: true

  /wrap-ansi/8.1.0:
    resolution: {integrity: sha512-si7QWI6zUMq56bESFvagtmzMdGOtoxfR+Sez11Mobfc7tm+VkUckk9bW2UeffTGVUbOksxmSw0AA2gs8g71NCQ==}
    engines: {node: '>=12'}
    dependencies:
      ansi-styles: 6.2.1
      string-width: 5.1.2
      strip-ansi: 7.1.0
    dev: true

  /yaml/2.3.1:
    resolution: {integrity: sha512-2eHWfjaoXgTBC2jNM1LRef62VQa0umtvRiDSk6HSzW7RvS5YtkabJrwYLLEKWBc8a5U2PTSCs+dJjUTJdlHsWQ==}
    engines: {node: '>= 14'}
    dev: true

  r2.cnpmjs.org/ansi-escapes/3.2.0:
    resolution: {integrity: sha512-cBhpre4ma+U0T1oM5fXg7Dy1Jw7zzwv7lt/GoCpr+hDQJoYnKVPLL4dCvSEFMmQurOQvSrwT7SL/DAlhBI97RQ==, registry: https://r.cnpmjs.org/, tarball: https://r2.cnpmjs.org/ansi-escapes/-/ansi-escapes-3.2.0.tgz}
    name: ansi-escapes
    version: 3.2.0
    engines: {node: '>=4'}
    dev: true

  r2.cnpmjs.org/ansi-escapes/5.0.0:
    resolution: {integrity: sha512-5GFMVX8HqE/TB+FuBJGuO5XG0WrsA6ptUqoODaT/n9mmUaZFkqnBueB4leqGBCmrUHnCnC4PCZTCd0E7QQ83bA==, registry: https://r.cnpmjs.org/, tarball: https://r2.cnpmjs.org/ansi-escapes/-/ansi-escapes-5.0.0.tgz}
    name: ansi-escapes
    version: 5.0.0
    engines: {node: '>=12'}
    dependencies:
      type-fest: r2.cnpmjs.org/type-fest/1.4.0
    dev: true

  r2.cnpmjs.org/ansi-styles/3.2.1:
    resolution: {integrity: sha512-VT0ZI6kZRdTh8YyJw3SMbYm/u+NqfsAxEpWO0Pf9sq8/e94WxxOpPKx9FR1FlyCtOVDNOQ+8ntlqFxiRc+r5qA==, registry: https://r.cnpmjs.org/, tarball: https://r2.cnpmjs.org/ansi-styles/-/ansi-styles-3.2.1.tgz}
    name: ansi-styles
    version: 3.2.1
    engines: {node: '>=4'}
    dependencies:
      color-convert: r2.cnpmjs.org/color-convert/1.9.3
    dev: true

  r2.cnpmjs.org/argparse/2.0.1:
    resolution: {integrity: sha512-8+9WqebbFzpX9OR+Wa6O29asIogeRMzcGtAINdpMHHyAg10f05aSFVBbcEqGf/PXw1EjAZ+q2/bEBg3DvurK3Q==, registry: https://r.cnpmjs.org/, tarball: https://r2.cnpmjs.org/argparse/-/argparse-2.0.1.tgz}
    name: argparse
    version: 2.0.1
    dev: true

  r2.cnpmjs.org/balanced-match/1.0.2:
    resolution: {integrity: sha512-3oSeUO0TMV67hN1AmbXsK4yaqU7tjiHlbxRDZOpH0KW9+CeX4bRAaX0Anxt0tx2MrpRpWwQaPwIlISEJhYU5Pw==, registry: https://r.cnpmjs.org/, tarball: https://r2.cnpmjs.org/balanced-match/-/balanced-match-1.0.2.tgz}
    name: balanced-match
    version: 1.0.2
    dev: true

  r2.cnpmjs.org/brace-expansion/1.1.11:
    resolution: {integrity: sha512-iCuPHDFgrHX7H2vEI/5xpz07zSHB00TpugqhmYtVmMO6518mCuRMoOYFldEBl0g187ufozdaHgWKcYFb61qGiA==, registry: https://r.cnpmjs.org/, tarball: https://r2.cnpmjs.org/brace-expansion/-/brace-expansion-1.1.11.tgz}
    name: brace-expansion
    version: 1.1.11
    dependencies:
      balanced-match: r2.cnpmjs.org/balanced-match/1.0.2
      concat-map: r2.cnpmjs.org/concat-map/0.0.1
    dev: true

  r2.cnpmjs.org/brace-expansion/2.0.1:
    resolution: {integrity: sha512-XnAIvQ8eM+kC6aULx6wuQiwVsnzsi9d3WxzV3FpWTGA19F621kwdbsAcFKXgKUHZWsy+mY6iL1sHTxWEFCytDA==, registry: https://r.cnpmjs.org/, tarball: https://r2.cnpmjs.org/brace-expansion/-/brace-expansion-2.0.1.tgz}
    name: brace-expansion
    version: 2.0.1
    dependencies:
      balanced-match: r2.cnpmjs.org/balanced-match/1.0.2
    dev: true

  r2.cnpmjs.org/chalk/2.4.2:
    resolution: {integrity: sha512-Mti+f9lpJNcwF4tWV8/OrTTtF1gZi+f8FqlyAdouralcFWFQWF2+NgCHShjkCb+IFBLq9buZwE1xckQU4peSuQ==, registry: https://r.cnpmjs.org/, tarball: https://r2.cnpmjs.org/chalk/-/chalk-2.4.2.tgz}
    name: chalk
    version: 2.4.2
    engines: {node: '>=4'}
    dependencies:
      ansi-styles: r2.cnpmjs.org/ansi-styles/3.2.1
      escape-string-regexp: r2.cnpmjs.org/escape-string-regexp/1.0.5
      supports-color: r2.cnpmjs.org/supports-color/5.5.0
    dev: true

  r2.cnpmjs.org/chardet/0.7.0:
    resolution: {integrity: sha512-mT8iDcrh03qDGRRmoA2hmBJnxpllMR+0/0qlzjqZES6NdiWDcZkCNAk4rPFZ9Q85r27unkiNNg8ZOiwZXBHwcA==, registry: https://r.cnpmjs.org/, tarball: https://r2.cnpmjs.org/chardet/-/chardet-0.7.0.tgz}
    name: chardet
    version: 0.7.0
    dev: true

  r2.cnpmjs.org/cli-cursor/2.1.0:
    resolution: {integrity: sha512-8lgKz8LmCRYZZQDpRyT2m5rKJ08TnU4tR9FFFW2rxpxR1FzWi4PQ/NfyODchAatHaUgnSPVcx/R5w6NuTBzFiw==, registry: https://r.cnpmjs.org/, tarball: https://r2.cnpmjs.org/cli-cursor/-/cli-cursor-2.1.0.tgz}
    name: cli-cursor
    version: 2.1.0
    engines: {node: '>=4'}
    dependencies:
      restore-cursor: r2.cnpmjs.org/restore-cursor/2.0.0
    dev: true

  r2.cnpmjs.org/cli-cursor/4.0.0:
    resolution: {integrity: sha512-VGtlMu3x/4DOtIUwEkRezxUZ2lBacNJCHash0N0WeZDBS+7Ux1dm3XWAgWYxLJFMMdOeXMHXorshEFhbMSGelg==, registry: https://r.cnpmjs.org/, tarball: https://r2.cnpmjs.org/cli-cursor/-/cli-cursor-4.0.0.tgz}
    name: cli-cursor
    version: 4.0.0
    engines: {node: ^12.20.0 || ^14.13.1 || >=16.0.0}
    dependencies:
      restore-cursor: r2.cnpmjs.org/restore-cursor/4.0.0
    dev: true

  r2.cnpmjs.org/cli-truncate/3.1.0:
    resolution: {integrity: sha512-wfOBkjXteqSnI59oPcJkcPl/ZmwvMMOj340qUIY1SKZCv0B9Cf4D4fAucRkIKQmsIuYK3x1rrgU7MeGRruiuiA==, registry: https://r.cnpmjs.org/, tarball: https://r2.cnpmjs.org/cli-truncate/-/cli-truncate-3.1.0.tgz}
    name: cli-truncate
    version: 3.1.0
    engines: {node: ^12.20.0 || ^14.13.1 || >=16.0.0}
    dependencies:
      slice-ansi: r2.cnpmjs.org/slice-ansi/5.0.0
      string-width: 5.1.2
    dev: true

  r2.cnpmjs.org/cli-width/2.2.1:
    resolution: {integrity: sha512-GRMWDxpOB6Dgk2E5Uo+3eEBvtOOlimMmpbFiKuLFnQzYDavtLFY3K5ona41jgN/WdRZtG7utuVSVTL4HbZHGkw==, registry: https://r.cnpmjs.org/, tarball: https://r2.cnpmjs.org/cli-width/-/cli-width-2.2.1.tgz}
    name: cli-width
    version: 2.2.1
    dev: true

  r2.cnpmjs.org/color-convert/1.9.3:
    resolution: {integrity: sha512-QfAUtd+vFdAtFQcC8CCyYt1fYWxSqAiK2cSD6zDB8N3cpsEBAvRxp9zOGg6G/SHHJYAT88/az/IuDGALsNVbGg==, registry: https://r.cnpmjs.org/, tarball: https://r2.cnpmjs.org/color-convert/-/color-convert-1.9.3.tgz}
    name: color-convert
    version: 1.9.3
    dependencies:
      color-name: r2.cnpmjs.org/color-name/1.1.3
    dev: true

  r2.cnpmjs.org/color-name/1.1.3:
    resolution: {integrity: sha512-72fSenhMw2HZMTVHeCA9KCmpEIbzWiQsjN+BHcBbS9vr1mtt+vJjPdksIBNUmKAW8TFUDPJK5SUU3QhE9NEXDw==, registry: https://r.cnpmjs.org/, tarball: https://r2.cnpmjs.org/color-name/-/color-name-1.1.3.tgz}
    name: color-name
    version: 1.1.3
    dev: true

  r2.cnpmjs.org/concat-map/0.0.1:
    resolution: {integrity: sha512-/Srv4dswyQNBfohGpz9o6Yb3Gz3SrUDqBH5rTuhGR7ahtlbYKnVxw2bCFMRljaA7EXHaXZ8wsHdodFvbkhKmqg==, registry: https://r.cnpmjs.org/, tarball: https://r2.cnpmjs.org/concat-map/-/concat-map-0.0.1.tgz}
    name: concat-map
    version: 0.0.1
    dev: true

  r2.cnpmjs.org/cross-spawn/7.0.3:
    resolution: {integrity: sha512-iRDPJKUPVEND7dHPO8rkbOnPpyDygcDFtWjpeWNCgy8WP2rXcxXL8TskReQl6OrB2G7+UJrags1q15Fudc7G6w==, registry: https://r.cnpmjs.org/, tarball: https://r2.cnpmjs.org/cross-spawn/-/cross-spawn-7.0.3.tgz}
    name: cross-spawn
    version: 7.0.3
    engines: {node: '>= 8'}
    dependencies:
      path-key: r2.cnpmjs.org/path-key/3.1.1
      shebang-command: r2.cnpmjs.org/shebang-command/2.0.0
      which: r2.cnpmjs.org/which/2.0.2
    dev: true

  r2.cnpmjs.org/deep-extend/0.6.0:
    resolution: {integrity: sha512-LOHxIOaPYdHlJRtCQfDIVZtfw/ufM8+rVj649RIHzcm/vGwQRXFt6OPqIFWsm2XEMrNIEtWR64sY1LEKD2vAOA==, registry: https://r.cnpmjs.org/, tarball: https://r2.cnpmjs.org/deep-extend/-/deep-extend-0.6.0.tgz}
    name: deep-extend
    version: 0.6.0
    engines: {node: '>=4.0.0'}
    dev: true

  r2.cnpmjs.org/eastasianwidth/0.2.0:
    resolution: {integrity: sha512-I88TYZWc9XiYHRQ4/3c5rjjfgkjhLyW2luGIheGERbNQ6OY7yTybanSpDXZa8y7VUP9YmDcYa+eyq4ca7iLqWA==, registry: https://r.cnpmjs.org/, tarball: https://r2.cnpmjs.org/eastasianwidth/-/eastasianwidth-0.2.0.tgz}
    name: eastasianwidth
    version: 0.2.0
    dev: true

  r2.cnpmjs.org/editor/1.0.0:
    resolution: {integrity: sha512-SoRmbGStwNYHgKfjOrX2L0mUvp9bUVv0uPppZSOMAntEbcFtoC3MKF5b3T6HQPXKIV+QGY3xPO3JK5it5lVkuw==, registry: https://r.cnpmjs.org/, tarball: https://r2.cnpmjs.org/editor/-/editor-1.0.0.tgz}
    name: editor
    version: 1.0.0
    dev: true

  r2.cnpmjs.org/emoji-regex/9.2.2:
    resolution: {integrity: sha512-L18DaJsXSUk2+42pv8mLs5jJT2hqFkFE4j21wOmgbUqsZ2hL72NsUU785g9RXgo3s0ZNgVl42TiHp3ZtOv/Vyg==, registry: https://r.cnpmjs.org/, tarball: https://r2.cnpmjs.org/emoji-regex/-/emoji-regex-9.2.2.tgz}
    name: emoji-regex
    version: 9.2.2
    dev: true

  r2.cnpmjs.org/entities/3.0.1:
    resolution: {integrity: sha512-WiyBqoomrwMdFG1e0kqvASYfnlb0lp8M5o5Fw2OFq1hNZxxcNk8Ik0Xm7LxzBhuidnZB/UtBqVCgUz3kBOP51Q==, registry: https://r.cnpmjs.org/, tarball: https://r2.cnpmjs.org/entities/-/entities-3.0.1.tgz}
    name: entities
    version: 3.0.1
    engines: {node: '>=0.12'}
    dev: true

  r2.cnpmjs.org/escape-string-regexp/1.0.5:
    resolution: {integrity: sha512-vbRorB5FUQWvla16U8R/qgaFIya2qGzwDrNmCZuYKrbdSUMG6I1ZCGQRefkRVhuOkIGVne7BQ35DSfo1qvJqFg==, registry: https://r.cnpmjs.org/, tarball: https://r2.cnpmjs.org/escape-string-regexp/-/escape-string-regexp-1.0.5.tgz}
    name: escape-string-regexp
    version: 1.0.5
    engines: {node: '>=0.8.0'}
    dev: true

  r2.cnpmjs.org/external-editor/3.1.0:
    resolution: {integrity: sha512-hMQ4CX1p1izmuLYyZqLMO/qGNw10wSv9QDCPfzXfyFrOaCSSoRfqE1Kf1s5an66J5JZC62NewG+mK49jOCtQew==, registry: https://r.cnpmjs.org/, tarball: https://r2.cnpmjs.org/external-editor/-/external-editor-3.1.0.tgz}
    name: external-editor
    version: 3.1.0
    engines: {node: '>=4'}
    dependencies:
      chardet: r2.cnpmjs.org/chardet/0.7.0
      iconv-lite: r2.cnpmjs.org/iconv-lite/0.4.24
      tmp: r2.cnpmjs.org/tmp/0.0.33
    dev: true

  r2.cnpmjs.org/figures/2.0.0:
    resolution: {integrity: sha512-Oa2M9atig69ZkfwiApY8F2Yy+tzMbazyvqv21R0NsSC8floSOC09BbT1ITWAdoMGQvJ/aZnR1KMwdx9tvHnTNA==, registry: https://r.cnpmjs.org/, tarball: https://r2.cnpmjs.org/figures/-/figures-2.0.0.tgz}
    name: figures
    version: 2.0.0
    engines: {node: '>=4'}
    dependencies:
      escape-string-regexp: r2.cnpmjs.org/escape-string-regexp/1.0.5
    dev: true

  r2.cnpmjs.org/find-config/1.0.0:
    resolution: {integrity: sha512-Z+suHH+7LSE40WfUeZPIxSxypCWvrzdVc60xAjUShZeT5eMWM0/FQUduq3HjluyfAHWvC/aOBkT1pTZktyF/jg==, registry: https://r.cnpmjs.org/, tarball: https://r2.cnpmjs.org/find-config/-/find-config-1.0.0.tgz}
    name: find-config
    version: 1.0.0
    engines: {node: '>= 0.12'}
    dependencies:
      user-home: r2.cnpmjs.org/user-home/2.0.0
    dev: true

  r2.cnpmjs.org/fs.realpath/1.0.0:
    resolution: {integrity: sha512-OO0pH2lK6a0hZnAdau5ItzHPI6pUlvI7jMVnxUQRtw4owF2wk8lOSabtGDCTP4Ggrg2MbGnWO9X8K1t4+fGMDw==, registry: https://r.cnpmjs.org/, tarball: https://r2.cnpmjs.org/fs.realpath/-/fs.realpath-1.0.0.tgz}
    name: fs.realpath
    version: 1.0.0
    dev: true

  r2.cnpmjs.org/get-stdin/9.0.0:
    resolution: {integrity: sha512-dVKBjfWisLAicarI2Sf+JuBE/DghV4UzNAVe9yhEJuzeREd3JhOTE9cUaJTeSa77fsbQUK3pcOpJfM59+VKZaA==, registry: https://r.cnpmjs.org/, tarball: https://r2.cnpmjs.org/get-stdin/-/get-stdin-9.0.0.tgz}
    name: get-stdin
    version: 9.0.0
    engines: {node: '>=12'}
    dev: true

  r2.cnpmjs.org/get-stream/6.0.1:
    resolution: {integrity: sha512-ts6Wi+2j3jQjqi70w5AlN8DFnkSwC+MqmxEzdEALB2qXZYV3X/b1CTfgPLGJNMeAWxdPfU8FO1ms3NUfaHCPYg==, registry: https://r.cnpmjs.org/, tarball: https://r2.cnpmjs.org/get-stream/-/get-stream-6.0.1.tgz}
    name: get-stream
    version: 6.0.1
    engines: {node: '>=10'}
    dev: true

  r2.cnpmjs.org/has-flag/3.0.0:
    resolution: {integrity: sha512-sKJf1+ceQBr4SMkvQnBDNDtf4TXpVhVGateu0t918bl30FnbE2m4vNLX+VWe/dpjlb+HugGYzW7uQXH98HPEYw==, registry: https://r.cnpmjs.org/, tarball: https://r2.cnpmjs.org/has-flag/-/has-flag-3.0.0.tgz}
    name: has-flag
    version: 3.0.0
    engines: {node: '>=4'}
    dev: true

  r2.cnpmjs.org/iconv-lite/0.4.24:
    resolution: {integrity: sha512-v3MXnZAcvnywkTUEZomIActle7RXXeedOR31wwl7VlyoXO4Qi9arvSenNQWne1TcRwhCL1HwLI21bEqdpj8/rA==, registry: https://r.cnpmjs.org/, tarball: https://r2.cnpmjs.org/iconv-lite/-/iconv-lite-0.4.24.tgz}
    name: iconv-lite
    version: 0.4.24
    engines: {node: '>=0.10.0'}
    dependencies:
      safer-buffer: r2.cnpmjs.org/safer-buffer/2.1.2
    dev: true

  r2.cnpmjs.org/inflight/1.0.6:
    resolution: {integrity: sha512-k92I/b08q4wvFscXCLvqfsHCrjrF7yiXsQuIVvVE7N82W3+aqpzuUdBbfhWcy/FZR3/4IgflMgKLOsvPDrGCJA==, registry: https://r.cnpmjs.org/, tarball: https://r2.cnpmjs.org/inflight/-/inflight-1.0.6.tgz}
    name: inflight
    version: 1.0.6
    deprecated: This module is not supported, and leaks memory. Do not use it. Check out lru-cache if you want a good and tested way to coalesce async requests by a key value, which is much more comprehensive and powerful.
    dependencies:
      once: r2.cnpmjs.org/once/1.4.0
      wrappy: r2.cnpmjs.org/wrappy/1.0.2
    dev: true

  r2.cnpmjs.org/inherits/2.0.4:
    resolution: {integrity: sha512-k/vGaX4/Yla3WzyMCvTQOXYeIHvqOKtnqBduzTHpzpQZzAskKMhZ2K+EnBiSM9zGSoIFeMpXKxa4dYeZIQqewQ==, registry: https://r.cnpmjs.org/, tarball: https://r2.cnpmjs.org/inherits/-/inherits-2.0.4.tgz}
    name: inherits
    version: 2.0.4
    dev: true

  r2.cnpmjs.org/inquirer/6.5.2:
    resolution: {integrity: sha512-cntlB5ghuB0iuO65Ovoi8ogLHiWGs/5yNrtUcKjFhSSiVeAIVpD7koaSU9RM8mpXw5YDi9RdYXGQMaOURB7ycQ==, registry: https://r.cnpmjs.org/, tarball: https://r2.cnpmjs.org/inquirer/-/inquirer-6.5.2.tgz}
    name: inquirer
    version: 6.5.2
    engines: {node: '>=6.0.0'}
    dependencies:
      ansi-escapes: r2.cnpmjs.org/ansi-escapes/3.2.0
      chalk: r2.cnpmjs.org/chalk/2.4.2
      cli-cursor: r2.cnpmjs.org/cli-cursor/2.1.0
      cli-width: r2.cnpmjs.org/cli-width/2.2.1
      external-editor: r2.cnpmjs.org/external-editor/3.1.0
      figures: r2.cnpmjs.org/figures/2.0.0
      lodash: r2.cnpmjs.org/lodash/4.17.21
      mute-stream: r2.cnpmjs.org/mute-stream/0.0.7
      run-async: r2.cnpmjs.org/run-async/2.4.1
      rxjs: r2.cnpmjs.org/rxjs/6.6.7
      string-width: r2.cnpmjs.org/string-width/2.1.1
      strip-ansi: r2.cnpmjs.org/strip-ansi/5.2.0
      through: r2.cnpmjs.org/through/2.3.8
    dev: true

  r2.cnpmjs.org/is-fullwidth-code-point/2.0.0:
    resolution: {integrity: sha512-VHskAKYM8RfSFXwee5t5cbN5PZeq1Wrh6qd5bkyiXIf6UQcN6w/A0eXM9r6t8d+GYOh+o6ZhiEnb88LN/Y8m2w==, registry: https://r.cnpmjs.org/, tarball: https://r2.cnpmjs.org/is-fullwidth-code-point/-/is-fullwidth-code-point-2.0.0.tgz}
    name: is-fullwidth-code-point
    version: 2.0.0
    engines: {node: '>=4'}
    dev: true

  r2.cnpmjs.org/is-fullwidth-code-point/4.0.0:
    resolution: {integrity: sha512-O4L094N2/dZ7xqVdrXhh9r1KODPJpFms8B5sGdJLPy664AgvXsreZUyCQQNItZRDlYug4xStLjNp/sz3HvBowQ==, registry: https://r.cnpmjs.org/, tarball: https://r2.cnpmjs.org/is-fullwidth-code-point/-/is-fullwidth-code-point-4.0.0.tgz}
    name: is-fullwidth-code-point
    version: 4.0.0
    engines: {node: '>=12'}
    dev: true

  r2.cnpmjs.org/is-number/7.0.0:
    resolution: {integrity: sha512-41Cifkg6e8TylSpdtTpeLVMqvSBEVzTttHvERD741+pnZ8ANv0004MRL43QKPDlK9cGvNp6NZWZUBlbGXYxxng==, registry: https://r.cnpmjs.org/, tarball: https://r2.cnpmjs.org/is-number/-/is-number-7.0.0.tgz}
    name: is-number
    version: 7.0.0
    engines: {node: '>=0.12.0'}
    dev: true

  r2.cnpmjs.org/is-stream/3.0.0:
    resolution: {integrity: sha512-LnQR4bZ9IADDRSkvpqMGvt/tEJWclzklNgSw48V5EAaAeDd6qGvN8ei6k5p0tvxSR171VmGyHuTiAOfxAbr8kA==, registry: https://r.cnpmjs.org/, tarball: https://r2.cnpmjs.org/is-stream/-/is-stream-3.0.0.tgz}
    name: is-stream
    version: 3.0.0
    engines: {node: ^12.20.0 || ^14.13.1 || >=16.0.0}
    dev: true

  r2.cnpmjs.org/isexe/2.0.0:
    resolution: {integrity: sha512-RHxMLp9lnKHGHRng9QFhRCMbYAcVpn69smSGcq3f36xjgVVWThj4qqLbTLlq7Ssj8B+fIQ1EuCEGI2lKsyQeIw==, registry: https://r.cnpmjs.org/, tarball: https://r2.cnpmjs.org/isexe/-/isexe-2.0.0.tgz}
    name: isexe
    version: 2.0.0
    dev: true

  r2.cnpmjs.org/js-yaml/4.1.0:
    resolution: {integrity: sha512-wpxZs9NoxZaJESJGIZTyDEaYpl0FKSA+FB9aJiyemKhMwkxQg63h4T1KJgUGHpTqPDNRcmmYLugrRjJlBtWvRA==, registry: https://r.cnpmjs.org/, tarball: https://r2.cnpmjs.org/js-yaml/-/js-yaml-4.1.0.tgz}
    name: js-yaml
    version: 4.1.0
    hasBin: true
    dependencies:
      argparse: r2.cnpmjs.org/argparse/2.0.1
    dev: true

  r2.cnpmjs.org/lodash/4.17.21:
    resolution: {integrity: sha512-v2kDEe57lecTulaDIuNTPy3Ry4gLGJ6Z1O3vE1krgXZNrsQ+LFTGHVxVjcXPs17LhbZVGedAJv8XZ1tvj5FvSg==, registry: https://r.cnpmjs.org/, tarball: https://r2.cnpmjs.org/lodash/-/lodash-4.17.21.tgz}
    name: lodash
    version: 4.17.21
    dev: true

  r2.cnpmjs.org/mdurl/1.0.1:
    resolution: {integrity: sha512-/sKlQJCBYVY9Ers9hqzKou4H6V5UWc/M59TH2dvkt+84itfnq7uFOMLpOiOS4ujvHP4etln18fmIxA5R5fll0g==, registry: https://r.cnpmjs.org/, tarball: https://r2.cnpmjs.org/mdurl/-/mdurl-1.0.1.tgz}
    name: mdurl
    version: 1.0.1
    dev: true

  r2.cnpmjs.org/merge-stream/2.0.0:
    resolution: {integrity: sha512-abv/qOcuPfk3URPfDzmZU1LKmuw8kT+0nIHvKrKgFrwifol/doWcdA4ZqsWQ8ENrFKkd67Mfpo/LovbIUsbt3w==, registry: https://r.cnpmjs.org/, tarball: https://r2.cnpmjs.org/merge-stream/-/merge-stream-2.0.0.tgz}
    name: merge-stream
    version: 2.0.0
    dev: true

  r2.cnpmjs.org/mimic-fn/1.2.0:
    resolution: {integrity: sha512-jf84uxzwiuiIVKiOLpfYk7N46TSy8ubTonmneY9vrpHNAnp0QBt2BxWV9dO3/j+BoVAb+a5G6YDPW3M5HOdMWQ==, registry: https://r.cnpmjs.org/, tarball: https://r2.cnpmjs.org/mimic-fn/-/mimic-fn-1.2.0.tgz}
    name: mimic-fn
    version: 1.2.0
    engines: {node: '>=4'}
    dev: true

  r2.cnpmjs.org/mimic-fn/2.1.0:
    resolution: {integrity: sha512-OqbOk5oEQeAZ8WXWydlu9HJjz9WVdEIvamMCcXmuqUYjTknH/sqsWvhQ3vgwKFRR1HpjvNBKQ37nbJgYzGqGcg==, registry: https://r.cnpmjs.org/, tarball: https://r2.cnpmjs.org/mimic-fn/-/mimic-fn-2.1.0.tgz}
    name: mimic-fn
    version: 2.1.0
    engines: {node: '>=6'}
    dev: true

  r2.cnpmjs.org/mimic-fn/4.0.0:
    resolution: {integrity: sha512-vqiC06CuhBTUdZH+RYl8sFrL096vA45Ok5ISO6sE/Mr1jRbGH4Csnhi8f3wKVl7x8mO4Au7Ir9D3Oyv1VYMFJw==, registry: https://r.cnpmjs.org/, tarball: https://r2.cnpmjs.org/mimic-fn/-/mimic-fn-4.0.0.tgz}
    name: mimic-fn
    version: 4.0.0
    engines: {node: '>=12'}
    dev: true

  r2.cnpmjs.org/ms/2.1.2:
    resolution: {integrity: sha512-sGkPx+VjMtmA6MX27oA4FBFELFCZZ4S4XqeGOXCv68tT+jb3vk/RyaKWP0PTKyWtmLSM0b+adUTEvbs1PEaH2w==, registry: https://r.cnpmjs.org/, tarball: https://r2.cnpmjs.org/ms/-/ms-2.1.2.tgz}
    name: ms
    version: 2.1.2
    dev: true

  r2.cnpmjs.org/mute-stream/0.0.7:
    resolution: {integrity: sha512-r65nCZhrbXXb6dXOACihYApHw2Q6pV0M3V0PSxd74N0+D8nzAdEAITq2oAjA1jVnKI+tGvEBUpqiMh0+rW6zDQ==, registry: https://r.cnpmjs.org/, tarball: https://r2.cnpmjs.org/mute-stream/-/mute-stream-0.0.7.tgz}
    name: mute-stream
    version: 0.0.7
    dev: true

  r2.cnpmjs.org/once/1.4.0:
    resolution: {integrity: sha512-lNaJgI+2Q5URQBkccEKHTQOPaXdUxnZZElQTZY0MFUAuaEqe1E+Nyvgdz/aIyNi6Z9MzO5dv1H8n58/GELp3+w==, registry: https://r.cnpmjs.org/, tarball: https://r2.cnpmjs.org/once/-/once-1.4.0.tgz}
    name: once
    version: 1.4.0
    dependencies:
      wrappy: r2.cnpmjs.org/wrappy/1.0.2
    dev: true

  r2.cnpmjs.org/onetime/2.0.1:
    resolution: {integrity: sha512-oyyPpiMaKARvvcgip+JV+7zci5L8D1W9RZIz2l1o08AM3pfspitVWnPt3mzHcBPp12oYMTy0pqrFs/C+m3EwsQ==, registry: https://r.cnpmjs.org/, tarball: https://r2.cnpmjs.org/onetime/-/onetime-2.0.1.tgz}
    name: onetime
    version: 2.0.1
    engines: {node: '>=4'}
    dependencies:
      mimic-fn: r2.cnpmjs.org/mimic-fn/1.2.0
    dev: true

  r2.cnpmjs.org/onetime/5.1.2:
    resolution: {integrity: sha512-kbpaSSGJTWdAY5KPVeMOKXSrPtr8C8C7wodJbcsd51jRnmD+GZu8Y0VoU6Dm5Z4vWr0Ig/1NKuWRKf7j5aaYSg==, registry: https://r.cnpmjs.org/, tarball: https://r2.cnpmjs.org/onetime/-/onetime-5.1.2.tgz}
    name: onetime
    version: 5.1.2
    engines: {node: '>=6'}
    dependencies:
      mimic-fn: r2.cnpmjs.org/mimic-fn/2.1.0
    dev: true

  r2.cnpmjs.org/onetime/6.0.0:
    resolution: {integrity: sha512-1FlR+gjXK7X+AsAHso35MnyN5KqGwJRi/31ft6x0M194ht7S+rWAvd7PHss9xSKMzE0asv1pyIHaJYq+BbacAQ==, registry: https://r.cnpmjs.org/, tarball: https://r2.cnpmjs.org/onetime/-/onetime-6.0.0.tgz}
    name: onetime
    version: 6.0.0
    engines: {node: '>=12'}
    dependencies:
      mimic-fn: r2.cnpmjs.org/mimic-fn/4.0.0
    dev: true

  r2.cnpmjs.org/os-homedir/1.0.2:
    resolution: {integrity: sha512-B5JU3cabzk8c67mRRd3ECmROafjYMXbuzlwtqdM8IbS8ktlTix8aFGb2bAGKrSRIlnfKwovGUUr72JUPyOb6kQ==, registry: https://r.cnpmjs.org/, tarball: https://r2.cnpmjs.org/os-homedir/-/os-homedir-1.0.2.tgz}
    name: os-homedir
    version: 1.0.2
    engines: {node: '>=0.10.0'}
    dev: true

  r2.cnpmjs.org/os-tmpdir/1.0.2:
    resolution: {integrity: sha512-D2FR03Vir7FIu45XBY20mTb+/ZSWB00sjU9jdQXt83gDrI4Ztz5Fs7/yy74g2N5SVQY4xY1qDr4rNddwYRVX0g==, registry: https://r.cnpmjs.org/, tarball: https://r2.cnpmjs.org/os-tmpdir/-/os-tmpdir-1.0.2.tgz}
    name: os-tmpdir
    version: 1.0.2
    engines: {node: '>=0.10.0'}
    dev: true

  r2.cnpmjs.org/path-is-absolute/1.0.1:
    resolution: {integrity: sha512-AVbw3UJ2e9bq64vSaS9Am0fje1Pa8pbGqTTsmXfaIiMpnr5DlDhfJOuLj9Sf95ZPVDAUerDfEk88MPmPe7UCQg==, registry: https://r.cnpmjs.org/, tarball: https://r2.cnpmjs.org/path-is-absolute/-/path-is-absolute-1.0.1.tgz}
    name: path-is-absolute
    version: 1.0.1
    engines: {node: '>=0.10.0'}
    dev: true

  r2.cnpmjs.org/path-key/3.1.1:
    resolution: {integrity: sha512-ojmeN0qd+y0jszEtoY48r0Peq5dwMEkIlCOu6Q5f41lfkswXuKtYrhgoTpLnyIcHm24Uhqx+5Tqm2InSwLhE6Q==, registry: https://r.cnpmjs.org/, tarball: https://r2.cnpmjs.org/path-key/-/path-key-3.1.1.tgz}
    name: path-key
    version: 3.1.1
    engines: {node: '>=8'}
    dev: true

  r2.cnpmjs.org/path-key/4.0.0:
    resolution: {integrity: sha512-haREypq7xkM7ErfgIyA0z+Bj4AGKlMSdlQE2jvJo6huWD1EdkKYV+G/T4nq0YEF2vgTT8kqMFKo1uHn950r4SQ==, registry: https://r.cnpmjs.org/, tarball: https://r2.cnpmjs.org/path-key/-/path-key-4.0.0.tgz}
    name: path-key
    version: 4.0.0
    engines: {node: '>=12'}
    dev: true

  r2.cnpmjs.org/restore-cursor/2.0.0:
    resolution: {integrity: sha512-6IzJLuGi4+R14vwagDHX+JrXmPVtPpn4mffDJ1UdR7/Edm87fl6yi8mMBIVvFtJaNTUvjughmW4hwLhRG7gC1Q==, registry: https://r.cnpmjs.org/, tarball: https://r2.cnpmjs.org/restore-cursor/-/restore-cursor-2.0.0.tgz}
    name: restore-cursor
    version: 2.0.0
    engines: {node: '>=4'}
    dependencies:
      onetime: r2.cnpmjs.org/onetime/2.0.1
      signal-exit: 3.0.7
    dev: true

  r2.cnpmjs.org/restore-cursor/4.0.0:
    resolution: {integrity: sha512-I9fPXU9geO9bHOt9pHHOhOkYerIMsmVaWB0rA2AI9ERh/+x/i7MV5HKBNrg+ljO5eoPVgCcnFuRjJ9uH6I/3eg==, registry: https://r.cnpmjs.org/, tarball: https://r2.cnpmjs.org/restore-cursor/-/restore-cursor-4.0.0.tgz}
    name: restore-cursor
    version: 4.0.0
    engines: {node: ^12.20.0 || ^14.13.1 || >=16.0.0}
    dependencies:
      onetime: r2.cnpmjs.org/onetime/5.1.2
      signal-exit: 3.0.7
    dev: true

  r2.cnpmjs.org/rimraf/2.6.3:
    resolution: {integrity: sha512-mwqeW5XsA2qAejG46gYdENaxXjx9onRNCfn7L0duuP4hCuTIi/QO7PDK07KJfp1d+izWPrzEJDcSqBa0OZQriA==, registry: https://r.cnpmjs.org/, tarball: https://r2.cnpmjs.org/rimraf/-/rimraf-2.6.3.tgz}
    name: rimraf
    version: 2.6.3
    deprecated: Rimraf versions prior to v4 are no longer supported
    hasBin: true
    dependencies:
      glob: 7.2.3
    dev: true

  r2.cnpmjs.org/run-async/2.4.1:
    resolution: {integrity: sha512-tvVnVv01b8c1RrA6Ep7JkStj85Guv/YrMcwqYQnwjsAS2cTmmPGBBjAjpCW7RrSodNSoE2/qg9O4bceNvUuDgQ==, registry: https://r.cnpmjs.org/, tarball: https://r2.cnpmjs.org/run-async/-/run-async-2.4.1.tgz}
    name: run-async
    version: 2.4.1
    engines: {node: '>=0.12.0'}
    dev: true

  r2.cnpmjs.org/rxjs/6.6.7:
    resolution: {integrity: sha512-hTdwr+7yYNIT5n4AMYp85KA6yw2Va0FLa3Rguvbpa4W3I5xynaBZo41cM3XM+4Q6fRMj3sBYIR1VAmZMXYJvRQ==, registry: https://r.cnpmjs.org/, tarball: https://r2.cnpmjs.org/rxjs/-/rxjs-6.6.7.tgz}
    name: rxjs
    version: 6.6.7
    engines: {npm: '>=2.0.0'}
    dependencies:
      tslib: 1.14.1
    dev: true

  r2.cnpmjs.org/safer-buffer/2.1.2:
    resolution: {integrity: sha512-YZo3K82SD7Riyi0E1EQPojLz7kpepnSQI9IyPbHHg1XXXevb5dJI7tpyN2ADxGcQbHG7vcyRHk0cbwqcQriUtg==, registry: https://r.cnpmjs.org/, tarball: https://r2.cnpmjs.org/safer-buffer/-/safer-buffer-2.1.2.tgz}
    name: safer-buffer
    version: 2.1.2
    dev: true

  r2.cnpmjs.org/shebang-command/2.0.0:
    resolution: {integrity: sha512-kHxr2zZpYtdmrN1qDjrrX/Z1rR1kG8Dx+gkpK1G4eXmvXswmcE1hTWBWYUzlraYw1/yZp6YuDY77YtvbN0dmDA==, registry: https://r.cnpmjs.org/, tarball: https://r2.cnpmjs.org/shebang-command/-/shebang-command-2.0.0.tgz}
    name: shebang-command
    version: 2.0.0
    engines: {node: '>=8'}
    dependencies:
      shebang-regex: r2.cnpmjs.org/shebang-regex/3.0.0
    dev: true

  r2.cnpmjs.org/shebang-regex/3.0.0:
    resolution: {integrity: sha512-7++dFhtcx3353uBaq8DDR4NuxBetBzC7ZQOhmTQInHEd6bSrXdiEyzCvG07Z44UYdLShWUyXt5M/yhz8ekcb1A==, registry: https://r.cnpmjs.org/, tarball: https://r2.cnpmjs.org/shebang-regex/-/shebang-regex-3.0.0.tgz}
    name: shebang-regex
    version: 3.0.0
    engines: {node: '>=8'}
    dev: true

  r2.cnpmjs.org/slice-ansi/5.0.0:
    resolution: {integrity: sha512-FC+lgizVPfie0kkhqUScwRu1O/lF6NOgJmlCgK+/LYxDCTk8sGelYaHDhFcDN+Sn3Cv+3VSa4Byeo+IMCzpMgQ==, registry: https://r.cnpmjs.org/, tarball: https://r2.cnpmjs.org/slice-ansi/-/slice-ansi-5.0.0.tgz}
    name: slice-ansi
    version: 5.0.0
    engines: {node: '>=12'}
    dependencies:
      ansi-styles: 6.2.1
      is-fullwidth-code-point: r2.cnpmjs.org/is-fullwidth-code-point/4.0.0
    dev: true

  r2.cnpmjs.org/string-width/2.1.1:
    resolution: {integrity: sha512-nOqH59deCq9SRHlxq1Aw85Jnt4w6KvLKqWVik6oA9ZklXLNIOlqg4F2yrT1MVaTjAqvVwdfeZ7w7aCvJD7ugkw==, registry: https://r.cnpmjs.org/, tarball: https://r2.cnpmjs.org/string-width/-/string-width-2.1.1.tgz}
    name: string-width
    version: 2.1.1
    engines: {node: '>=4'}
    dependencies:
      is-fullwidth-code-point: r2.cnpmjs.org/is-fullwidth-code-point/2.0.0
      strip-ansi: r2.cnpmjs.org/strip-ansi/4.0.0
    dev: true

  r2.cnpmjs.org/strip-ansi/4.0.0:
    resolution: {integrity: sha512-4XaJ2zQdCzROZDivEVIDPkcQn8LMFSa8kj8Gxb/Lnwzv9A8VctNZ+lfivC/sV3ivW8ElJTERXZoPBRrZKkNKow==, registry: https://r.cnpmjs.org/, tarball: https://r2.cnpmjs.org/strip-ansi/-/strip-ansi-4.0.0.tgz}
    name: strip-ansi
    version: 4.0.0
    engines: {node: '>=4'}
    dependencies:
      ansi-regex: 3.0.1
    dev: true

  r2.cnpmjs.org/strip-ansi/5.2.0:
    resolution: {integrity: sha512-DuRs1gKbBqsMKIZlrffwlug8MHkcnpjs5VPmL1PAh+mA30U0DTotfDZ0d2UUsXpPmPmMMJ6W773MaA3J+lbiWA==, registry: https://r.cnpmjs.org/, tarball: https://r2.cnpmjs.org/strip-ansi/-/strip-ansi-5.2.0.tgz}
    name: strip-ansi
    version: 5.2.0
    engines: {node: '>=6'}
    dependencies:
      ansi-regex: 4.1.1
    dev: true

  r2.cnpmjs.org/strip-final-newline/3.0.0:
    resolution: {integrity: sha512-dOESqjYr96iWYylGObzd39EuNTa5VJxyvVAEm5Jnh7KGo75V43Hk1odPQkNDyXNmUR6k+gEiDVXnjB8HJ3crXw==, registry: https://r.cnpmjs.org/, tarball: https://r2.cnpmjs.org/strip-final-newline/-/strip-final-newline-3.0.0.tgz}
    name: strip-final-newline
    version: 3.0.0
    engines: {node: '>=12'}
    dev: true

  r2.cnpmjs.org/strip-json-comments/3.1.1:
    resolution: {integrity: sha512-6fPc+R4ihwqP6N/aIv2f1gMH8lOVtWQHoqC4yK6oSDVVocumAsfCqjkXnqiYMhmMwS/mEHLp7Vehlt3ql6lEig==, registry: https://r.cnpmjs.org/, tarball: https://r2.cnpmjs.org/strip-json-comments/-/strip-json-comments-3.1.1.tgz}
    name: strip-json-comments
    version: 3.1.1
    engines: {node: '>=8'}
    dev: true

  r2.cnpmjs.org/supports-color/5.5.0:
    resolution: {integrity: sha512-QjVjwdXIt408MIiAqCX4oUKsgU2EqAGzs2Ppkm4aQYbjm+ZEWEcW4SfFNTr4uMNZma0ey4f5lgLrkB0aX0QMow==, registry: https://r.cnpmjs.org/, tarball: https://r2.cnpmjs.org/supports-color/-/supports-color-5.5.0.tgz}
    name: supports-color
    version: 5.5.0
    engines: {node: '>=4'}
    dependencies:
      has-flag: r2.cnpmjs.org/has-flag/3.0.0
    dev: true

  r2.cnpmjs.org/temp/0.9.4:
    resolution: {integrity: sha512-yYrrsWnrXMcdsnu/7YMYAofM1ktpL5By7vZhf15CrXijWWrEYZks5AXBudalfSWJLlnen/QUJUB5aoB0kqZUGA==, registry: https://r.cnpmjs.org/, tarball: https://r2.cnpmjs.org/temp/-/temp-0.9.4.tgz}
    name: temp
    version: 0.9.4
    engines: {node: '>=6.0.0'}
    dependencies:
      mkdirp: 0.5.6
      rimraf: r2.cnpmjs.org/rimraf/2.6.3
    dev: true

  r2.cnpmjs.org/through/2.3.8:
    resolution: {integrity: sha512-w89qg7PI8wAdvX60bMDP+bFoD5Dvhm9oLheFp5O4a2QF0cSBGsBX4qZmadPMvVqlLJBBci+WqGGOAPvcDeNSVg==, registry: https://r.cnpmjs.org/, tarball: https://r2.cnpmjs.org/through/-/through-2.3.8.tgz}
    name: through
    version: 2.3.8
    dev: true

  r2.cnpmjs.org/tmp/0.0.33:
    resolution: {integrity: sha512-jRCJlojKnZ3addtTOjdIqoRuPEKBvNXcGYqzO6zWZX8KfKEpnGY5jfggJQ3EjKuu8D4bJRr0y+cYJFmYbImXGw==, registry: https://r.cnpmjs.org/, tarball: https://r2.cnpmjs.org/tmp/-/tmp-0.0.33.tgz}
    name: tmp
    version: 0.0.33
    engines: {node: '>=0.6.0'}
    dependencies:
      os-tmpdir: r2.cnpmjs.org/os-tmpdir/1.0.2
    dev: true

  r2.cnpmjs.org/to-regex-range/5.0.1:
    resolution: {integrity: sha512-65P7iz6X5yEr1cwcgvQxbbIw7Uk3gOy5dIdtZ4rDveLqhrdJP+Li/Hx6tyK0NEb+2GCyneCMJiGqrADCSNk8sQ==, registry: https://r.cnpmjs.org/, tarball: https://r2.cnpmjs.org/to-regex-range/-/to-regex-range-5.0.1.tgz}
    name: to-regex-range
    version: 5.0.1
    engines: {node: '>=8.0'}
    dependencies:
      is-number: r2.cnpmjs.org/is-number/7.0.0
    dev: true

  r2.cnpmjs.org/type-fest/1.4.0:
    resolution: {integrity: sha512-yGSza74xk0UG8k+pLh5oeoYirvIiWo5t0/o3zHHAO2tRDiZcxWP7fywNlXhqb6/r6sWvwi+RsyQMWhVLe4BVuA==, registry: https://r.cnpmjs.org/, tarball: https://r2.cnpmjs.org/type-fest/-/type-fest-1.4.0.tgz}
    name: type-fest
    version: 1.4.0
    engines: {node: '>=10'}
    dev: true

  r2.cnpmjs.org/uc.micro/1.0.6:
    resolution: {integrity: sha512-8Y75pvTYkLJW2hWQHXxoqRgV7qb9B+9vFEtidML+7koHUFapnVJAZ6cKs+Qjz5Aw3aZWHMC6u0wJE3At+nSGwA==, registry: https://r.cnpmjs.org/, tarball: https://r2.cnpmjs.org/uc.micro/-/uc.micro-1.0.6.tgz}
    name: uc.micro
    version: 1.0.6
    dev: true

  r2.cnpmjs.org/user-home/2.0.0:
    resolution: {integrity: sha512-KMWqdlOcjCYdtIJpicDSFBQ8nFwS2i9sslAd6f4+CBGcU4gist2REnr2fxj2YocvJFxSF3ZOHLYLVZnUxv4BZQ==, registry: https://r.cnpmjs.org/, tarball: https://r2.cnpmjs.org/user-home/-/user-home-2.0.0.tgz}
    name: user-home
    version: 2.0.0
    engines: {node: '>=0.10.0'}
    dependencies:
      os-homedir: r2.cnpmjs.org/os-homedir/1.0.2
    dev: true

  r2.cnpmjs.org/which/2.0.2:
    resolution: {integrity: sha512-BLI3Tl1TW3Pvl70l3yq3Y64i+awpwXqsGBYWkkqMtnbXgrMD+yj7rhW0kuEDxzJaYXGjEW5ogapKNMEKNMjibA==, registry: https://r.cnpmjs.org/, tarball: https://r2.cnpmjs.org/which/-/which-2.0.2.tgz}
    name: which
    version: 2.0.2
    engines: {node: '>= 8'}
    hasBin: true
    dependencies:
      isexe: r2.cnpmjs.org/isexe/2.0.0
    dev: true

  r2.cnpmjs.org/wrappy/1.0.2:
    resolution: {integrity: sha512-l4Sp/DRseor9wL6EvV2+TuQn63dMkPjZ/sp9XkghTEbV9KlPS1xUsZ3u7/IQO4wxtcFB4bgpQPRcR3QCvezPcQ==, registry: https://r.cnpmjs.org/, tarball: https://r2.cnpmjs.org/wrappy/-/wrappy-1.0.2.tgz}
    name: wrappy
    version: 1.0.2
    dev: true
